{
  "version": "3",
  "packages": {
    "specifiers": {
      "jsr:@std/cli@^1.0.4": "jsr:@std/cli@1.0.4"
    },
    "jsr": {
      "@std/cli@1.0.4": {
        "integrity": "79ca75add572a99a8ba93ae37ccbd8d43fb4e2b635a8a7ebebb4f2d092048764"
      }
    }
  },
  "remote": {},
  "workspace": {
    "dependencies": [
      "jsr:@std/cli@^1.0.4"
    ]
  }
}
